
Microsoft Visual Studio Solution File, Format Version 12.00
# Visual Studio Version 16
VisualStudioVersion = 16.0.31410.357
MinimumVisualStudioVersion = 10.0.40219.1
Project("{FAE04EC0-301F-11D3-BF4B-00C04F79EFBC}") = "Ex01", "Ex01\Ex01.csproj", "{E041D477-4698-43C9-A4F1-2ED445128AB2}"
EndProject
Global
	GlobalSection(SolutionConfigurationPlatforms) = preSolution
		Debug|Any CPU = Debug|Any CPU
		Release|Any CPU = Release|Any CPU
	EndGlobalSection
	GlobalSection(ProjectConfigurationPlatforms) = postSolution
		{E041D477-4698-43C9-A4F1-2ED445128AB2}.Debug|Any CPU.ActiveCfg = Debug|Any CPU
		{E041D477-4698-43C9-A4F1-2ED445128AB2}.Debug|Any CPU.Build.0 = Debug|Any CPU
		{E041D477-4698-43C9-A4F1-2ED445128AB2}.Release|Any CPU.ActiveCfg = Release|Any CPU
		{E041D477-4698-43C9-A4F1-2ED445128AB2}.Release|Any CPU.Build.0 = Release|Any CPU
	EndGlobalSection
	GlobalSection(SolutionProperties) = preSolution
		HideSolutionNode = FALSE
	EndGlobalSection
	GlobalSection(ExtensibilityGlobals) = postSolution
		SolutionGuid = {BB3F0DD5-7EDE-4349-B882-8F6E7EF15AAE}
	EndGlobalSection
EndGlobal
