
Microsoft Visual Studio Solution File, Format Version 12.00
# Visual Studio Version 16
VisualStudioVersion = 16.0.31410.357
MinimumVisualStudioVersion = 10.0.40219.1
Project("{FAE04EC0-301F-11D3-BF4B-00C04F79EFBC}") = "Ex13_Encapsulamento", "Ex13_Encapsulamento\Ex13_Encapsulamento.csproj", "{2A86F045-AFE0-4823-8700-4B4C40A008A4}"
EndProject
Global
	GlobalSection(SolutionConfigurationPlatforms) = preSolution
		Debug|Any CPU = Debug|Any CPU
		Release|Any CPU = Release|Any CPU
	EndGlobalSection
	GlobalSection(ProjectConfigurationPlatforms) = postSolution
		{2A86F045-AFE0-4823-8700-4B4C40A008A4}.Debug|Any CPU.ActiveCfg = Debug|Any CPU
		{2A86F045-AFE0-4823-8700-4B4C40A008A4}.Debug|Any CPU.Build.0 = Debug|Any CPU
		{2A86F045-AFE0-4823-8700-4B4C40A008A4}.Release|Any CPU.ActiveCfg = Release|Any CPU
		{2A86F045-AFE0-4823-8700-4B4C40A008A4}.Release|Any CPU.Build.0 = Release|Any CPU
	EndGlobalSection
	GlobalSection(SolutionProperties) = preSolution
		HideSolutionNode = FALSE
	EndGlobalSection
	GlobalSection(ExtensibilityGlobals) = postSolution
		SolutionGuid = {1CAF5DCA-3584-4B85-9C3C-782004E7B174}
	EndGlobalSection
EndGlobal
