
Microsoft Visual Studio Solution File, Format Version 12.00
# Visual Studio Version 16
VisualStudioVersion = 16.0.31410.357
MinimumVisualStudioVersion = 10.0.40219.1
Project("{FAE04EC0-301F-11D3-BF4B-00C04F79EFBC}") = "Ex05_Retangulo", "Ex05_Retangulo\Ex05_Retangulo.csproj", "{E2002690-0653-46AB-83E5-E612F5E91554}"
EndProject
Global
	GlobalSection(SolutionConfigurationPlatforms) = preSolution
		Debug|Any CPU = Debug|Any CPU
		Release|Any CPU = Release|Any CPU
	EndGlobalSection
	GlobalSection(ProjectConfigurationPlatforms) = postSolution
		{E2002690-0653-46AB-83E5-E612F5E91554}.Debug|Any CPU.ActiveCfg = Debug|Any CPU
		{E2002690-0653-46AB-83E5-E612F5E91554}.Debug|Any CPU.Build.0 = Debug|Any CPU
		{E2002690-0653-46AB-83E5-E612F5E91554}.Release|Any CPU.ActiveCfg = Release|Any CPU
		{E2002690-0653-46AB-83E5-E612F5E91554}.Release|Any CPU.Build.0 = Release|Any CPU
	EndGlobalSection
	GlobalSection(SolutionProperties) = preSolution
		HideSolutionNode = FALSE
	EndGlobalSection
	GlobalSection(ExtensibilityGlobals) = postSolution
		SolutionGuid = {77B4D9CB-61CC-40CC-BAE8-CDD116456A13}
	EndGlobalSection
EndGlobal
