
Microsoft Visual Studio Solution File, Format Version 12.00
# Visual Studio Version 16
VisualStudioVersion = 16.0.31410.357
MinimumVisualStudioVersion = 10.0.40219.1
Project("{FAE04EC0-301F-11D3-BF4B-00C04F79EFBC}") = "Ex11_SintaxeAlternativaConstrutor", "Ex11_SintaxeAlternativaConstrutor\Ex11_SintaxeAlternativaConstrutor.csproj", "{D2F4EF10-44D9-419A-BA69-D81C7B1A550B}"
EndProject
Global
	GlobalSection(SolutionConfigurationPlatforms) = preSolution
		Debug|Any CPU = Debug|Any CPU
		Release|Any CPU = Release|Any CPU
	EndGlobalSection
	GlobalSection(ProjectConfigurationPlatforms) = postSolution
		{D2F4EF10-44D9-419A-BA69-D81C7B1A550B}.Debug|Any CPU.ActiveCfg = Debug|Any CPU
		{D2F4EF10-44D9-419A-BA69-D81C7B1A550B}.Debug|Any CPU.Build.0 = Debug|Any CPU
		{D2F4EF10-44D9-419A-BA69-D81C7B1A550B}.Release|Any CPU.ActiveCfg = Release|Any CPU
		{D2F4EF10-44D9-419A-BA69-D81C7B1A550B}.Release|Any CPU.Build.0 = Release|Any CPU
	EndGlobalSection
	GlobalSection(SolutionProperties) = preSolution
		HideSolutionNode = FALSE
	EndGlobalSection
	GlobalSection(ExtensibilityGlobals) = postSolution
		SolutionGuid = {89F101B5-2420-462D-8A34-2F1034C58391}
	EndGlobalSection
EndGlobal
