
Microsoft Visual Studio Solution File, Format Version 12.00
# Visual Studio Version 16
VisualStudioVersion = 16.0.31410.357
MinimumVisualStudioVersion = 10.0.40219.1
Project("{FAE04EC0-301F-11D3-BF4B-00C04F79EFBC}") = "Ex08_FinanceiroMembrosEstáticos", "Ex08_FinanceiroMembrosEstáticos\Ex08_FinanceiroMembrosEstáticos.csproj", "{2CBC3930-3E95-459B-94E6-7DF031EDFB8E}"
EndProject
Global
	GlobalSection(SolutionConfigurationPlatforms) = preSolution
		Debug|Any CPU = Debug|Any CPU
		Release|Any CPU = Release|Any CPU
	EndGlobalSection
	GlobalSection(ProjectConfigurationPlatforms) = postSolution
		{2CBC3930-3E95-459B-94E6-7DF031EDFB8E}.Debug|Any CPU.ActiveCfg = Debug|Any CPU
		{2CBC3930-3E95-459B-94E6-7DF031EDFB8E}.Debug|Any CPU.Build.0 = Debug|Any CPU
		{2CBC3930-3E95-459B-94E6-7DF031EDFB8E}.Release|Any CPU.ActiveCfg = Release|Any CPU
		{2CBC3930-3E95-459B-94E6-7DF031EDFB8E}.Release|Any CPU.Build.0 = Release|Any CPU
	EndGlobalSection
	GlobalSection(SolutionProperties) = preSolution
		HideSolutionNode = FALSE
	EndGlobalSection
	GlobalSection(ExtensibilityGlobals) = postSolution
		SolutionGuid = {B7A031C0-1DAE-44AC-B0FF-D8A61E6C7BCF}
	EndGlobalSection
EndGlobal
